
Microsoft Visual Studio Solution File, Format Version 12.00
# Visual Studio Version 17
VisualStudioVersion = 17.4.33213.308
MinimumVisualStudioVersion = 10.0.40219.1
Project("{FAE04EC0-301F-11D3-BF4B-00C04F79EFBC}") = "RunGroopWebApp", "RunGroopWebApp\RunGroopWebApp.csproj", "{534C30C0-DBD2-4309-924C-B97A0E6E5972}"
EndProject
Global
	GlobalSection(SolutionConfigurationPlatforms) = preSolution
		Debug|Any CPU = Debug|Any CPU
		Release|Any CPU = Release|Any CPU
	EndGlobalSection
	GlobalSection(ProjectConfigurationPlatforms) = postSolution
		{534C30C0-DBD2-4309-924C-B97A0E6E5972}.Debug|Any CPU.ActiveCfg = Debug|Any CPU
		{534C30C0-DBD2-4309-924C-B97A0E6E5972}.Debug|Any CPU.Build.0 = Debug|Any CPU
		{534C30C0-DBD2-4309-924C-B97A0E6E5972}.Release|Any CPU.ActiveCfg = Release|Any CPU
		{534C30C0-DBD2-4309-924C-B97A0E6E5972}.Release|Any CPU.Build.0 = Release|Any CPU
	EndGlobalSection
	GlobalSection(SolutionProperties) = preSolution
		HideSolutionNode = FALSE
	EndGlobalSection
	GlobalSection(ExtensibilityGlobals) = postSolution
		SolutionGuid = {C3792995-3FB9-43B6-9CF3-A5D254D1D030}
	EndGlobalSection
EndGlobal
